{
  "version": "4",
  "specifiers": {
    "npm:@hono/client@^0.0.3": "0.0.3",
    "npm:@hono/zod-openapi@~0.19.2": "0.19.2_hono@4.7.4_zod@3.24.2",
    "npm:@hono/zod-validator@~0.4.3": "0.4.3_hono@4.7.4_zod@3.24.2",
    "npm:@scalar/hono-api-reference@~0.5.183": "0.5.183_hono@4.7.4",
    "npm:hono@^4.7.4": "4.7.4",
    "npm:zod@^3.24.2": "3.24.2"
  },
  "npm": {
    "@asteasolutions/zod-to-openapi@7.3.0_zod@3.24.2": {
      "integrity": "sha512-7tE/r1gXwMIvGnXVUdIqUhCU1RevEFC4Jk6Bussa0fk1ecbnnINkZzj1EOAJyE/M3AI25DnHT/zKQL1/FPFi8Q==",
      "dependencies": [
        "openapi3-ts",
        "zod"
      ]
    },
    "@hono/client@0.0.3": {
      "integrity": "sha512-1TrYdppLelv39uCqevePjKUeyf4AoKYWQ+/qfNtRzY8OPBur78XA1Gtv3Pi08uXT6GOuQN5fi3IFUwMsxnEhcQ=="
    },
    "@hono/zod-openapi@0.19.2_hono@4.7.4_zod@3.24.2": {
      "integrity": "sha512-lkFa6wdQVgY7d7/m++Ixr3hvKCF5Y+zjTIPM37fex5ylCfX53A/W28gZRDuFZx3aR+noKob7lHfwdk9dURLzxw==",
      "dependencies": [
        "@asteasolutions/zod-to-openapi",
        "@hono/zod-validator",
        "hono",
        "zod"
      ]
    },
    "@hono/zod-validator@0.4.3_hono@4.7.4_zod@3.24.2": {
      "integrity": "sha512-xIgMYXDyJ4Hj6ekm9T9Y27s080Nl9NXHcJkOvkXPhubOLj8hZkOL8pDnnXfvCf5xEE8Q4oMFenQUZZREUY2gqQ==",
      "dependencies": [
        "hono",
        "zod"
      ]
    },
    "@scalar/core@0.1.0": {
      "integrity": "sha512-LnszTA7JmdtmEX1qqhkIKTKFQiFstRYiDs0NrXdYtMk/WB55Bnoz0Lk8BWw1qC1NhMpP5It+PRYZke727Gxrbw==",
      "dependencies": [
        "@scalar/types"
      ]
    },
    "@scalar/hono-api-reference@0.5.183_hono@4.7.4": {
      "integrity": "sha512-rzWxFDjBW2VvMRAPqcwgkC+7ZMmBZZVIMFUejwjF+618jKvQ09ooVyBb9hUnW4KaUElUqx/iIFflLKf0A95iLA==",
      "dependencies": [
        "@scalar/core",
        "hono"
      ]
    },
    "@scalar/openapi-types@0.1.9": {
      "integrity": "sha512-HQQudOSQBU7ewzfnBW9LhDmBE2XOJgSfwrh5PlUB7zJup/kaRkBGNgV2wMjNz9Af/uztiU/xNrO179FysmUT+g=="
    },
    "@scalar/types@0.0.39": {
      "integrity": "sha512-oAMBWC5B0I8IViCuaV1ydoUAm7KJSwHZfCuLMea15tSKh0/wj9H1KQvDJF8gE/cUVwjQvj4q94GB22kBT4XGNQ==",
      "dependencies": [
        "@scalar/openapi-types",
        "@unhead/schema",
        "zod"
      ]
    },
    "@unhead/schema@1.11.20": {
      "integrity": "sha512-0zWykKAaJdm+/Y7yi/Yds20PrUK7XabLe9c3IRcjnwYmSWY6z0Cr19VIs3ozCj8P+GhR+/TI2mwtGlueCEYouA==",
      "dependencies": [
        "hookable",
        "zhead"
      ]
    },
    "hono@4.7.4": {
      "integrity": "sha512-Pst8FuGqz3L7tFF+u9Pu70eI0xa5S3LPUmrNd5Jm8nTHze9FxLTK9Kaj5g/k4UcwuJSXTP65SyHOPLrffpcAJg=="
    },
    "hookable@5.5.3": {
      "integrity": "sha512-Yc+BQe8SvoXH1643Qez1zqLRmbA5rCL+sSmk6TVos0LWVfNIB7PGncdlId77WzLGSIB5KaWgTaNTs2lNVEI6VQ=="
    },
    "openapi3-ts@4.4.0": {
      "integrity": "sha512-9asTNB9IkKEzWMcHmVZE7Ts3kC9G7AFHfs8i7caD8HbI76gEjdkId4z/AkP83xdZsH7PLAnnbl47qZkXuxpArw==",
      "dependencies": [
        "yaml"
      ]
    },
    "yaml@2.7.0": {
      "integrity": "sha512-+hSoy/QHluxmC9kCIJyL/uyFmLmc+e5CFR5Wa+bpIhIj85LVb9ZH2nVnqrHoSvKogwODv0ClqZkmiSSaIH5LTA=="
    },
    "zhead@2.2.4": {
      "integrity": "sha512-8F0OI5dpWIA5IGG5NHUg9staDwz/ZPxZtvGVf01j7vHqSyZ0raHY+78atOVxRqb73AotX22uV1pXt3gYSstGag=="
    },
    "zod@3.24.2": {
      "integrity": "sha512-lY7CDW43ECgW9u1TcT3IoXHflywfVqDYze4waEz812jR/bZ8FHDsl7pFQoSZTz5N+2NqRXs8GBwnAwo3ZNxqhQ=="
    }
  },
  "workspace": {
    "dependencies": [
      "npm:@hono/zod-openapi@~0.19.2",
      "npm:hono@^4.7.4",
      "npm:zod@^3.24.2"
    ],
    "packageJson": {
      "dependencies": [
        "npm:@hono/client@^0.0.3",
        "npm:@scalar/hono-api-reference@~0.5.183"
      ]
    }
  }
}
